{
  "version": 4,
  "terraform_version": "1.10.5",
  "serial": 35,
  "lineage": "dfc83916-2a68-bd35-064e-cdac1d0cd751",
  "outputs": {},
  "resources": [
    {
      "mode": "managed",
      "type": "proxmox_virtual_environment_network_linux_vlan",
      "name": "vlan10",
      "provider": "provider[\"registry.terraform.io/bpg/proxmox\"]",
      "instances": [
        {
          "schema_version": 0,
          "attributes": {
            "address": "10.205.10.0/29",
            "address6": null,
            "autostart": true,
            "comment": null,
            "gateway": null,
            "gateway6": null,
            "id": "proxmoxhp1:vmbr0.10",
            "interface": "vmbr0",
            "mtu": null,
            "name": "vmbr0.10",
            "node_name": "proxmoxhp1",
            "vlan": 10
          },
          "sensitive_attributes": []
        }
      ]
    },
    {
      "mode": "managed",
      "type": "proxmox_virtual_environment_network_linux_vlan",
      "name": "vlan20",
      "provider": "provider[\"registry.terraform.io/bpg/proxmox\"]",
      "instances": [
        {
          "status": "tainted",
          "schema_version": 0,
          "attributes": {
            "address": "10.205.20.0/29",
            "address6": null,
            "autostart": true,
            "comment": null,
            "gateway": null,
            "gateway6": null,
            "id": "proxmoxhp1:vmbr0.20",
            "interface": "vmbr0",
            "mtu": null,
            "name": "vmbr0.20",
            "node_name": "proxmoxhp1",
            "vlan": 20
          },
          "sensitive_attributes": []
        }
      ]
    },
    {
      "mode": "managed",
      "type": "proxmox_virtual_environment_network_linux_vlan",
      "name": "vlan30",
      "provider": "provider[\"registry.terraform.io/bpg/proxmox\"]",
      "instances": [
        {
          "status": "tainted",
          "schema_version": 0,
          "attributes": {
            "address": "10.205.30.0/24",
            "address6": null,
            "autostart": true,
            "comment": null,
            "gateway": null,
            "gateway6": null,
            "id": "proxmoxhp1:vmbr0.30",
            "interface": "vmbr0",
            "mtu": null,
            "name": "vmbr0.30",
            "node_name": "proxmoxhp1",
            "vlan": 30
          },
          "sensitive_attributes": []
        }
      ]
    },
    {
      "mode": "managed",
      "type": "proxmox_virtual_environment_network_linux_vlan",
      "name": "vlan40",
      "provider": "provider[\"registry.terraform.io/bpg/proxmox\"]",
      "instances": [
        {
          "status": "tainted",
          "schema_version": 0,
          "attributes": {
            "address": "10.205.40.0/29",
            "address6": null,
            "autostart": true,
            "comment": null,
            "gateway": null,
            "gateway6": null,
            "id": "proxmoxhp1:vmbr0.40",
            "interface": "vmbr0",
            "mtu": null,
            "name": "vmbr0.40",
            "node_name": "proxmoxhp1",
            "vlan": 40
          },
          "sensitive_attributes": []
        }
      ]
    }
  ],
  "check_results": null
}
