{
  "version": 4,
  "terraform_version": "1.12.0",
  "serial": 202,
  "lineage": "9d39b78a-c030-8137-aebc-d968b8506fe0",
  "outputs": {
    "k8s_vm_full_info": {
      "value": {
        "k8s-master-1": {
          "acpi": true,
          "agent": [
            {
              "enabled": true,
              "timeout": "15m",
              "trim": false,
              "type": "virtio"
            }
          ],
          "amd_sev": [],
          "audio_device": [],
          "bios": "seabios",
          "boot_order": null,
          "cdrom": [],
          "clone": [
            {
              "datastore_id": "local",
              "full": true,
              "node_name": "proxmoxhp1",
              "retries": 1,
              "vm_id": 9000
            }
          ],
          "cpu": [
            {
              "affinity": "",
              "architecture": "",
              "cores": 2,
              "flags": null,
              "hotplugged": 0,
              "limit": 0,
              "numa": false,
              "sockets": 1,
              "type": "qemu64",
              "units": 1024
            }
          ],
          "description": null,
          "disk": [
            {
              "aio": "io_uring",
              "backup": true,
              "cache": "none",
              "datastore_id": "local",
              "discard": "ignore",
              "file_format": "raw",
              "file_id": "",
              "interface": "scsi0",
              "iothread": false,
              "path_in_datastore": "301/vm-301-disk-0.raw",
              "replicate": true,
              "serial": "",
              "size": 3,
              "speed": [],
              "ssd": false
            }
          ],
          "efi_disk": [],
          "hook_script_file_id": null,
          "hostpci": [],
          "id": "301",
          "initialization": [
            {
              "datastore_id": "local",
              "dns": [],
              "interface": "ide2",
              "ip_config": [
                {
                  "ipv4": [
                    {
                      "address": "10.205.30.2/29",
                      "gateway": "10.205.30.0"
                    }
                  ],
                  "ipv6": []
                }
              ],
              "meta_data_file_id": "",
              "network_data_file_id": "",
              "type": "",
              "user_account": [],
              "user_data_file_id": "local:snippets/user-data-cloud-config.yaml",
              "vendor_data_file_id": ""
            }
          ],
          "ipv4_addresses": [
            [
              "127.0.0.1"
            ],
            [
              "10.205.30.2"
            ]
          ],
          "ipv6_addresses": [
            [
              "::1"
            ],
            [
              "2a01:e0a:344:4ca0:be24:11ff:fe77:5765",
              "fe80::be24:11ff:fe77:5765"
            ]
          ],
          "keyboard_layout": "en-us",
          "kvm_arguments": null,
          "mac_addresses": [
            "00:00:00:00:00:00",
            "BC:24:11:77:57:65"
          ],
          "machine": null,
          "memory": [
            {
              "dedicated": 2048,
              "floating": 0,
              "hugepages": "",
              "keep_hugepages": false,
              "shared": 0
            }
          ],
          "migrate": false,
          "name": "k8s-master",
          "network_device": [
            {
              "bridge": "vmbr0",
              "disconnected": false,
              "enabled": true,
              "firewall": false,
              "mac_address": "BC:24:11:77:57:65",
              "model": "virtio",
              "mtu": 0,
              "queues": 0,
              "rate_limit": 0,
              "trunks": "",
              "vlan_id": 0
            }
          ],
          "network_interface_names": [
            "lo",
            "eth0"
          ],
          "node_name": "proxmoxhp1",
          "numa": [],
          "on_boot": true,
          "operating_system": [],
          "pool_id": null,
          "protection": false,
          "reboot": false,
          "reboot_after_update": true,
          "rng": [],
          "scsi_hardware": "virtio-scsi-pci",
          "serial_device": [],
          "smbios": [],
          "started": true,
          "startup": [],
          "stop_on_destroy": false,
          "tablet_device": true,
          "tags": [
            "k8s",
            "terraform",
            "ubuntu"
          ],
          "template": false,
          "timeout_clone": 1800,
          "timeout_create": 1800,
          "timeout_migrate": 1800,
          "timeout_move_disk": 1800,
          "timeout_reboot": 1800,
          "timeout_shutdown_vm": 1800,
          "timeout_start_vm": 1800,
          "timeout_stop_vm": 300,
          "tpm_state": [],
          "usb": [],
          "vga": [
            {
              "clipboard": "",
              "memory": 16,
              "type": "serial0"
            }
          ],
          "virtiofs": [],
          "vm_id": 301,
          "watchdog": []
        },
        "k8s-worker-1": {
          "acpi": true,
          "agent": [
            {
              "enabled": true,
              "timeout": "15m",
              "trim": false,
              "type": "virtio"
            }
          ],
          "amd_sev": [],
          "audio_device": [],
          "bios": "seabios",
          "boot_order": null,
          "cdrom": [],
          "clone": [
            {
              "datastore_id": "local",
              "full": true,
              "node_name": "proxmoxhp1",
              "retries": 1,
              "vm_id": 9000
            }
          ],
          "cpu": [
            {
              "affinity": "",
              "architecture": "",
              "cores": 1,
              "flags": null,
              "hotplugged": 0,
              "limit": 0,
              "numa": false,
              "sockets": 1,
              "type": "qemu64",
              "units": 1024
            }
          ],
          "description": null,
          "disk": [
            {
              "aio": "io_uring",
              "backup": true,
              "cache": "none",
              "datastore_id": "local",
              "discard": "ignore",
              "file_format": "raw",
              "file_id": "",
              "interface": "scsi0",
              "iothread": false,
              "path_in_datastore": "302/vm-302-disk-0.raw",
              "replicate": true,
              "serial": "",
              "size": 3,
              "speed": [],
              "ssd": false
            }
          ],
          "efi_disk": [],
          "hook_script_file_id": null,
          "hostpci": [],
          "id": "302",
          "initialization": [
            {
              "datastore_id": "local",
              "dns": [],
              "interface": "ide2",
              "ip_config": [
                {
                  "ipv4": [
                    {
                      "address": "10.205.30.3/29",
                      "gateway": "10.205.30.0"
                    }
                  ],
                  "ipv6": []
                }
              ],
              "meta_data_file_id": "",
              "network_data_file_id": "",
              "type": "",
              "user_account": [],
              "user_data_file_id": "local:snippets/user-data-cloud-config.yaml",
              "vendor_data_file_id": ""
            }
          ],
          "ipv4_addresses": [
            [
              "127.0.0.1"
            ],
            [
              "10.205.30.3"
            ]
          ],
          "ipv6_addresses": [
            [
              "::1"
            ],
            [
              "2a01:e0a:344:4ca0:be24:11ff:fe35:cf91",
              "fe80::be24:11ff:fe35:cf91"
            ]
          ],
          "keyboard_layout": "en-us",
          "kvm_arguments": null,
          "mac_addresses": [
            "00:00:00:00:00:00",
            "BC:24:11:35:CF:91"
          ],
          "machine": null,
          "memory": [
            {
              "dedicated": 1024,
              "floating": 0,
              "hugepages": "",
              "keep_hugepages": false,
              "shared": 0
            }
          ],
          "migrate": false,
          "name": "k8s-worker",
          "network_device": [
            {
              "bridge": "vmbr0",
              "disconnected": false,
              "enabled": true,
              "firewall": false,
              "mac_address": "BC:24:11:35:CF:91",
              "model": "virtio",
              "mtu": 0,
              "queues": 0,
              "rate_limit": 0,
              "trunks": "",
              "vlan_id": 0
            }
          ],
          "network_interface_names": [
            "lo",
            "eth0"
          ],
          "node_name": "proxmoxhp1",
          "numa": [],
          "on_boot": true,
          "operating_system": [],
          "pool_id": null,
          "protection": false,
          "reboot": false,
          "reboot_after_update": true,
          "rng": [],
          "scsi_hardware": "virtio-scsi-pci",
          "serial_device": [],
          "smbios": [],
          "started": true,
          "startup": [],
          "stop_on_destroy": false,
          "tablet_device": true,
          "tags": [
            "k8s",
            "terraform",
            "ubuntu"
          ],
          "template": false,
          "timeout_clone": 1800,
          "timeout_create": 1800,
          "timeout_migrate": 1800,
          "timeout_move_disk": 1800,
          "timeout_reboot": 1800,
          "timeout_shutdown_vm": 1800,
          "timeout_start_vm": 1800,
          "timeout_stop_vm": 300,
          "tpm_state": [],
          "usb": [],
          "vga": [
            {
              "clipboard": "",
              "memory": 16,
              "type": "serial0"
            }
          ],
          "virtiofs": [],
          "vm_id": 302,
          "watchdog": []
        }
      },
      "type": [
        "object",
        {
          "k8s-master-1": [
            "object",
            {
              "acpi": "bool",
              "agent": [
                "list",
                [
                  "object",
                  {
                    "enabled": "bool",
                    "timeout": "string",
                    "trim": "bool",
                    "type": "string"
                  }
                ]
              ],
              "amd_sev": [
                "list",
                [
                  "object",
                  {
                    "allow_smt": "bool",
                    "kernel_hashes": "bool",
                    "no_debug": "bool",
                    "no_key_sharing": "bool",
                    "type": "string"
                  }
                ]
              ],
              "audio_device": [
                "list",
                [
                  "object",
                  {
                    "device": "string",
                    "driver": "string",
                    "enabled": "bool"
                  }
                ]
              ],
              "bios": "string",
              "boot_order": [
                "list",
                "string"
              ],
              "cdrom": [
                "list",
                [
                  "object",
                  {
                    "enabled": "bool",
                    "file_id": "string",
                    "interface": "string"
                  }
                ]
              ],
              "clone": [
                "list",
                [
                  "object",
                  {
                    "datastore_id": "string",
                    "full": "bool",
                    "node_name": "string",
                    "retries": "number",
                    "vm_id": "number"
                  }
                ]
              ],
              "cpu": [
                "list",
                [
                  "object",
                  {
                    "affinity": "string",
                    "architecture": "string",
                    "cores": "number",
                    "flags": [
                      "list",
                      "string"
                    ],
                    "hotplugged": "number",
                    "limit": "number",
                    "numa": "bool",
                    "sockets": "number",
                    "type": "string",
                    "units": "number"
                  }
                ]
              ],
              "description": "string",
              "disk": [
                "list",
                [
                  "object",
                  {
                    "aio": "string",
                    "backup": "bool",
                    "cache": "string",
                    "datastore_id": "string",
                    "discard": "string",
                    "file_format": "string",
                    "file_id": "string",
                    "interface": "string",
                    "iothread": "bool",
                    "path_in_datastore": "string",
                    "replicate": "bool",
                    "serial": "string",
                    "size": "number",
                    "speed": [
                      "list",
                      [
                        "object",
                        {
                          "iops_read": "number",
                          "iops_read_burstable": "number",
                          "iops_write": "number",
                          "iops_write_burstable": "number",
                          "read": "number",
                          "read_burstable": "number",
                          "write": "number",
                          "write_burstable": "number"
                        }
                      ]
                    ],
                    "ssd": "bool"
                  }
                ]
              ],
              "efi_disk": [
                "list",
                [
                  "object",
                  {
                    "datastore_id": "string",
                    "file_format": "string",
                    "pre_enrolled_keys": "bool",
                    "type": "string"
                  }
                ]
              ],
              "hook_script_file_id": "string",
              "hostpci": [
                "list",
                [
                  "object",
                  {
                    "device": "string",
                    "id": "string",
                    "mapping": "string",
                    "mdev": "string",
                    "pcie": "bool",
                    "rom_file": "string",
                    "rombar": "bool",
                    "xvga": "bool"
                  }
                ]
              ],
              "id": "string",
              "initialization": [
                "list",
                [
                  "object",
                  {
                    "datastore_id": "string",
                    "dns": [
                      "list",
                      [
                        "object",
                        {
                          "domain": "string",
                          "servers": [
                            "list",
                            "string"
                          ]
                        }
                      ]
                    ],
                    "interface": "string",
                    "ip_config": [
                      "list",
                      [
                        "object",
                        {
                          "ipv4": [
                            "list",
                            [
                              "object",
                              {
                                "address": "string",
                                "gateway": "string"
                              }
                            ]
                          ],
                          "ipv6": [
                            "list",
                            [
                              "object",
                              {
                                "address": "string",
                                "gateway": "string"
                              }
                            ]
                          ]
                        }
                      ]
                    ],
                    "meta_data_file_id": "string",
                    "network_data_file_id": "string",
                    "type": "string",
                    "user_account": [
                      "list",
                      [
                        "object",
                        {
                          "keys": [
                            "list",
                            "string"
                          ],
                          "password": "string",
                          "username": "string"
                        }
                      ]
                    ],
                    "user_data_file_id": "string",
                    "vendor_data_file_id": "string"
                  }
                ]
              ],
              "ipv4_addresses": [
                "list",
                [
                  "list",
                  "string"
                ]
              ],
              "ipv6_addresses": [
                "list",
                [
                  "list",
                  "string"
                ]
              ],
              "keyboard_layout": "string",
              "kvm_arguments": "string",
              "mac_addresses": [
                "list",
                "string"
              ],
              "machine": "string",
              "memory": [
                "list",
                [
                  "object",
                  {
                    "dedicated": "number",
                    "floating": "number",
                    "hugepages": "string",
                    "keep_hugepages": "bool",
                    "shared": "number"
                  }
                ]
              ],
              "migrate": "bool",
              "name": "string",
              "network_device": [
                "list",
                [
                  "object",
                  {
                    "bridge": "string",
                    "disconnected": "bool",
                    "enabled": "bool",
                    "firewall": "bool",
                    "mac_address": "string",
                    "model": "string",
                    "mtu": "number",
                    "queues": "number",
                    "rate_limit": "number",
                    "trunks": "string",
                    "vlan_id": "number"
                  }
                ]
              ],
              "network_interface_names": [
                "list",
                "string"
              ],
              "node_name": "string",
              "numa": [
                "list",
                [
                  "object",
                  {
                    "cpus": "string",
                    "device": "string",
                    "hostnodes": "string",
                    "memory": "number",
                    "policy": "string"
                  }
                ]
              ],
              "on_boot": "bool",
              "operating_system": [
                "list",
                [
                  "object",
                  {
                    "type": "string"
                  }
                ]
              ],
              "pool_id": "string",
              "protection": "bool",
              "reboot": "bool",
              "reboot_after_update": "bool",
              "rng": [
                "list",
                [
                  "object",
                  {
                    "max_bytes": "number",
                    "period": "number",
                    "source": "string"
                  }
                ]
              ],
              "scsi_hardware": "string",
              "serial_device": [
                "list",
                [
                  "object",
                  {
                    "device": "string"
                  }
                ]
              ],
              "smbios": [
                "list",
                [
                  "object",
                  {
                    "family": "string",
                    "manufacturer": "string",
                    "product": "string",
                    "serial": "string",
                    "sku": "string",
                    "uuid": "string",
                    "version": "string"
                  }
                ]
              ],
              "started": "bool",
              "startup": [
                "list",
                [
                  "object",
                  {
                    "down_delay": "number",
                    "order": "number",
                    "up_delay": "number"
                  }
                ]
              ],
              "stop_on_destroy": "bool",
              "tablet_device": "bool",
              "tags": [
                "list",
                "string"
              ],
              "template": "bool",
              "timeout_clone": "number",
              "timeout_create": "number",
              "timeout_migrate": "number",
              "timeout_move_disk": "number",
              "timeout_reboot": "number",
              "timeout_shutdown_vm": "number",
              "timeout_start_vm": "number",
              "timeout_stop_vm": "number",
              "tpm_state": [
                "list",
                [
                  "object",
                  {
                    "datastore_id": "string",
                    "version": "string"
                  }
                ]
              ],
              "usb": [
                "list",
                [
                  "object",
                  {
                    "host": "string",
                    "mapping": "string",
                    "usb3": "bool"
                  }
                ]
              ],
              "vga": [
                "list",
                [
                  "object",
                  {
                    "clipboard": "string",
                    "memory": "number",
                    "type": "string"
                  }
                ]
              ],
              "virtiofs": [
                "list",
                [
                  "object",
                  {
                    "cache": "string",
                    "direct_io": "bool",
                    "expose_acl": "bool",
                    "expose_xattr": "bool",
                    "mapping": "string"
                  }
                ]
              ],
              "vm_id": "number",
              "watchdog": [
                "list",
                [
                  "object",
                  {
                    "action": "string",
                    "enabled": "bool",
                    "model": "string"
                  }
                ]
              ]
            }
          ],
          "k8s-worker-1": [
            "object",
            {
              "acpi": "bool",
              "agent": [
                "list",
                [
                  "object",
                  {
                    "enabled": "bool",
                    "timeout": "string",
                    "trim": "bool",
                    "type": "string"
                  }
                ]
              ],
              "amd_sev": [
                "list",
                [
                  "object",
                  {
                    "allow_smt": "bool",
                    "kernel_hashes": "bool",
                    "no_debug": "bool",
                    "no_key_sharing": "bool",
                    "type": "string"
                  }
                ]
              ],
              "audio_device": [
                "list",
                [
                  "object",
                  {
                    "device": "string",
                    "driver": "string",
                    "enabled": "bool"
                  }
                ]
              ],
              "bios": "string",
              "boot_order": [
                "list",
                "string"
              ],
              "cdrom": [
                "list",
                [
                  "object",
                  {
                    "enabled": "bool",
                    "file_id": "string",
                    "interface": "string"
                  }
                ]
              ],
              "clone": [
                "list",
                [
                  "object",
                  {
                    "datastore_id": "string",
                    "full": "bool",
                    "node_name": "string",
                    "retries": "number",
                    "vm_id": "number"
                  }
                ]
              ],
              "cpu": [
                "list",
                [
                  "object",
                  {
                    "affinity": "string",
                    "architecture": "string",
                    "cores": "number",
                    "flags": [
                      "list",
                      "string"
                    ],
                    "hotplugged": "number",
                    "limit": "number",
                    "numa": "bool",
                    "sockets": "number",
                    "type": "string",
                    "units": "number"
                  }
                ]
              ],
              "description": "string",
              "disk": [
                "list",
                [
                  "object",
                  {
                    "aio": "string",
                    "backup": "bool",
                    "cache": "string",
                    "datastore_id": "string",
                    "discard": "string",
                    "file_format": "string",
                    "file_id": "string",
                    "interface": "string",
                    "iothread": "bool",
                    "path_in_datastore": "string",
                    "replicate": "bool",
                    "serial": "string",
                    "size": "number",
                    "speed": [
                      "list",
                      [
                        "object",
                        {
                          "iops_read": "number",
                          "iops_read_burstable": "number",
                          "iops_write": "number",
                          "iops_write_burstable": "number",
                          "read": "number",
                          "read_burstable": "number",
                          "write": "number",
                          "write_burstable": "number"
                        }
                      ]
                    ],
                    "ssd": "bool"
                  }
                ]
              ],
              "efi_disk": [
                "list",
                [
                  "object",
                  {
                    "datastore_id": "string",
                    "file_format": "string",
                    "pre_enrolled_keys": "bool",
                    "type": "string"
                  }
                ]
              ],
              "hook_script_file_id": "string",
              "hostpci": [
                "list",
                [
                  "object",
                  {
                    "device": "string",
                    "id": "string",
                    "mapping": "string",
                    "mdev": "string",
                    "pcie": "bool",
                    "rom_file": "string",
                    "rombar": "bool",
                    "xvga": "bool"
                  }
                ]
              ],
              "id": "string",
              "initialization": [
                "list",
                [
                  "object",
                  {
                    "datastore_id": "string",
                    "dns": [
                      "list",
                      [
                        "object",
                        {
                          "domain": "string",
                          "servers": [
                            "list",
                            "string"
                          ]
                        }
                      ]
                    ],
                    "interface": "string",
                    "ip_config": [
                      "list",
                      [
                        "object",
                        {
                          "ipv4": [
                            "list",
                            [
                              "object",
                              {
                                "address": "string",
                                "gateway": "string"
                              }
                            ]
                          ],
                          "ipv6": [
                            "list",
                            [
                              "object",
                              {
                                "address": "string",
                                "gateway": "string"
                              }
                            ]
                          ]
                        }
                      ]
                    ],
                    "meta_data_file_id": "string",
                    "network_data_file_id": "string",
                    "type": "string",
                    "user_account": [
                      "list",
                      [
                        "object",
                        {
                          "keys": [
                            "list",
                            "string"
                          ],
                          "password": "string",
                          "username": "string"
                        }
                      ]
                    ],
                    "user_data_file_id": "string",
                    "vendor_data_file_id": "string"
                  }
                ]
              ],
              "ipv4_addresses": [
                "list",
                [
                  "list",
                  "string"
                ]
              ],
              "ipv6_addresses": [
                "list",
                [
                  "list",
                  "string"
                ]
              ],
              "keyboard_layout": "string",
              "kvm_arguments": "string",
              "mac_addresses": [
                "list",
                "string"
              ],
              "machine": "string",
              "memory": [
                "list",
                [
                  "object",
                  {
                    "dedicated": "number",
                    "floating": "number",
                    "hugepages": "string",
                    "keep_hugepages": "bool",
                    "shared": "number"
                  }
                ]
              ],
              "migrate": "bool",
              "name": "string",
              "network_device": [
                "list",
                [
                  "object",
                  {
                    "bridge": "string",
                    "disconnected": "bool",
                    "enabled": "bool",
                    "firewall": "bool",
                    "mac_address": "string",
                    "model": "string",
                    "mtu": "number",
                    "queues": "number",
                    "rate_limit": "number",
                    "trunks": "string",
                    "vlan_id": "number"
                  }
                ]
              ],
              "network_interface_names": [
                "list",
                "string"
              ],
              "node_name": "string",
              "numa": [
                "list",
                [
                  "object",
                  {
                    "cpus": "string",
                    "device": "string",
                    "hostnodes": "string",
                    "memory": "number",
                    "policy": "string"
                  }
                ]
              ],
              "on_boot": "bool",
              "operating_system": [
                "list",
                [
                  "object",
                  {
                    "type": "string"
                  }
                ]
              ],
              "pool_id": "string",
              "protection": "bool",
              "reboot": "bool",
              "reboot_after_update": "bool",
              "rng": [
                "list",
                [
                  "object",
                  {
                    "max_bytes": "number",
                    "period": "number",
                    "source": "string"
                  }
                ]
              ],
              "scsi_hardware": "string",
              "serial_device": [
                "list",
                [
                  "object",
                  {
                    "device": "string"
                  }
                ]
              ],
              "smbios": [
                "list",
                [
                  "object",
                  {
                    "family": "string",
                    "manufacturer": "string",
                    "product": "string",
                    "serial": "string",
                    "sku": "string",
                    "uuid": "string",
                    "version": "string"
                  }
                ]
              ],
              "started": "bool",
              "startup": [
                "list",
                [
                  "object",
                  {
                    "down_delay": "number",
                    "order": "number",
                    "up_delay": "number"
                  }
                ]
              ],
              "stop_on_destroy": "bool",
              "tablet_device": "bool",
              "tags": [
                "list",
                "string"
              ],
              "template": "bool",
              "timeout_clone": "number",
              "timeout_create": "number",
              "timeout_migrate": "number",
              "timeout_move_disk": "number",
              "timeout_reboot": "number",
              "timeout_shutdown_vm": "number",
              "timeout_start_vm": "number",
              "timeout_stop_vm": "number",
              "tpm_state": [
                "list",
                [
                  "object",
                  {
                    "datastore_id": "string",
                    "version": "string"
                  }
                ]
              ],
              "usb": [
                "list",
                [
                  "object",
                  {
                    "host": "string",
                    "mapping": "string",
                    "usb3": "bool"
                  }
                ]
              ],
              "vga": [
                "list",
                [
                  "object",
                  {
                    "clipboard": "string",
                    "memory": "number",
                    "type": "string"
                  }
                ]
              ],
              "virtiofs": [
                "list",
                [
                  "object",
                  {
                    "cache": "string",
                    "direct_io": "bool",
                    "expose_acl": "bool",
                    "expose_xattr": "bool",
                    "mapping": "string"
                  }
                ]
              ],
              "vm_id": "number",
              "watchdog": [
                "list",
                [
                  "object",
                  {
                    "action": "string",
                    "enabled": "bool",
                    "model": "string"
                  }
                ]
              ]
            }
          ]
        }
      ],
      "sensitive": true
    },
    "ubuntu_vm_password": {
      "value": "_RcrLYA6IB67t893",
      "type": "string",
      "sensitive": true
    },
    "ubuntu_vm_private_key": {
      "value": "-----BEGIN RSA PRIVATE KEY-----\nMIIEpAIBAAKCAQEAqiAveVEZdtIKVs6+YvWiJoFnR8yzbaIRV49Iv1FBwkdopjAk\noHA2bpm/+AFm0y/EgPqHh7EHWna7z4AeMRxg0KvI1WOWSX6C2lUcbcHjB3SAJsV0\nDQYsEWQ2wnO7xP+/s7GWojLKpRQ3ebDVge0DQt69kPhYEMe2J0eKL5yxKpSl1lQc\nGj1TfyB04fHLtWoI85b/lZW0gLWCW96CZDMdhizTECdCuMzndEa4f+imi2DOG0jN\npxkyHfA0lCnBi0tAUi3MII0wFYatx/jUj8vbqhRi1PVjydtP9egWDbur1dOJLKZ1\nyLQwe9u82Qr38yZcXF6tES2MWB2ZeTUoAC81sQIDAQABAoIBAD5ZAU0CrcRgAa4C\nor99qelWr1Ue7fsV1Ck0t8J1sxXSOcX+Cs5JkYlDC5mGWfq3nNpv9k+CT2GV9gp7\nt5TkA482Bao+jwtsM+R0ILEQx3Up+vU6k+daBbhx86eb5oqx972RLdVPq/iHyjTs\n27J7/B/7pZmFijDMIDORAlGkqUEjE7UJJDzoKxWdYFQLbm+J2R35eGvNndxEWbnO\n4H4opYlX54uwO9m0059nEt0hYlCD4c3034GNNxXY/21f5kCxAdPnPnTpPS5Ge0l3\nuHf9ifKA0p4VlpaPif1PQfkD735Jhs/vSc5YZqb/EJgOdSrOCp7fe0O1SfZqHy5c\nE2DKxikCgYEAwpkVsHZiLBBqe/+Fa/5O5iiqk4nzpukb287VC7JXytVMSkjG3FaA\nhFfocE2wtlZf5k50S/qU0gHZxWfLT9hTL+d+DC+G5ECB4oSO3Yld1tze64TbbQLQ\nz6gqfew8I/GXgOleXbZQXvySnz5I0JVckyH8tNPE++yX3Tc2iafBQJMCgYEA385S\nFTKdL0IcKwzj2jytbgt3V808m4DEXuFcqXuic5riMASJ0w95KSWBib6tBOLNQAjJ\n3/owl2q596SbHgWwLS96EaC/KMUu/FYerDnDCHJIPBVpnqZnHoMQNOVMiMjUsgTB\nu8r+9JIXLGh7HICbnmm/reTD2TjOuvPKCAyETysCgYEAglrD4bJbrwLMIgYX3TC8\nr4bcRPrrIYsT41mY8z3je3cIpNY9iAnWC1FL3jbcwjf4A7HYS7EvEcK1m3wdAH57\nsyJSGF2Z8bqYhyGfBh3no2/PUFtuFYcGU6Rl2nZuDvHeODebxBDFo+tzWIMDid4T\n5mek/YjCcrOZQ1GiEfIzDUsCgYBVtyNg0v24d81p/4nUr6CMoP+YNRadR/ftjsp6\nbsuNEyjF0zcmCqsQwziVlN2XHXYWrEcE7UFm/I0092ohWXRcGe7aiYItDzgrlKAy\nvfygY4Se3mSRSpH78Z5nY9qoGKK9e2zni5uR99HARFPCWs8/IKk05ITN0R/8Ihqi\ncojJ+QKBgQCUrT3kICES3gB30OBtxa9BK/xxTi6sWGm41ZY/Shk2B+ZP8pVtty2P\n2Oc0zHwFA5dys4QGb6jpbgN342k5JuP52wQkASsVqA7yuj3I89qmJZD0N6BzrnAe\nYkFXbSjOxaXIi6WbQV1ZnC7Y2jOsm+x3s6O9ICJVRgrWy9cj9sE2Og==\n-----END RSA PRIVATE KEY-----\n",
      "type": "string",
      "sensitive": true
    },
    "ubuntu_vm_public_key": {
      "value": "ssh-rsa AAAAB3NzaC1yc2EAAAADAQABAAABAQCqIC95URl20gpWzr5i9aImgWdHzLNtohFXj0i/UUHCR2imMCSgcDZumb/4AWbTL8SA+oeHsQdadrvPgB4xHGDQq8jVY5ZJfoLaVRxtweMHdIAmxXQNBiwRZDbCc7vE/7+zsZaiMsqlFDd5sNWB7QNC3r2Q+FgQx7YnR4ovnLEqlKXWVBwaPVN/IHTh8cu1agjzlv+VlbSAtYJb3oJkMx2GLNMQJ0K4zOd0Rrh/6KaLYM4bSM2nGTId8DSUKcGLS0BSLcwgjTAVhq3H+NSPy9uqFGLU9WPJ20/16BYNu6vV04kspnXItDB727zZCvfzJlxcXq0RLYxYHZl5NSgALzWx\n",
      "type": "string"
    }
  },
  "resources": [
    {
      "mode": "managed",
      "type": "proxmox_virtual_environment_file",
      "name": "user_data_cloud_config",
      "provider": "provider[\"registry.terraform.io/bpg/proxmox\"]",
      "instances": [
        {
          "schema_version": 0,
          "attributes": {
            "content_type": "snippets",
            "datastore_id": "local",
            "file_mode": null,
            "file_modification_date": null,
            "file_name": "user-data-cloud-config.yaml",
            "file_size": null,
            "file_tag": null,
            "id": "local:snippets/user-data-cloud-config.yaml",
            "node_name": "proxmoxhp1",
            "overwrite": true,
            "source_file": [],
            "source_raw": [
              {
                "data": "#cloud-config\nhostname: test-k8s\ntimezone: Europe/Paris\nkeyboard:\n  Layout: fr\n  variant: fr\nusers:\n  - default\n  # _RcrLYA6IB67t893\n  - name: k8sadmin\n    password: azerty\n    ssh_pwauth: true\n    groups:\n      - sudo\n    shell: /bin/bash\n    ssh_authorized_keys:\n      - ssh-rsa AAAAB3NzaC1yc2EAAAADAQABAAABAQCqIC95URl20gpWzr5i9aImgWdHzLNtohFXj0i/UUHCR2imMCSgcDZumb/4AWbTL8SA+oeHsQdadrvPgB4xHGDQq8jVY5ZJfoLaVRxtweMHdIAmxXQNBiwRZDbCc7vE/7+zsZaiMsqlFDd5sNWB7QNC3r2Q+FgQx7YnR4ovnLEqlKXWVBwaPVN/IHTh8cu1agjzlv+VlbSAtYJb3oJkMx2GLNMQJ0K4zOd0Rrh/6KaLYM4bSM2nGTId8DSUKcGLS0BSLcwgjTAVhq3H+NSPy9uqFGLU9WPJ20/16BYNu6vV04kspnXItDB727zZCvfzJlxcXq0RLYxYHZl5NSgALzWx\n    sudo: ALL=(ALL) NOPASSWD:ALL\nchpasswd:\n  list: |\n    k8sadmin:azerty\n  expire: False\npackage_update: true\npackage_upgrade: true\npackages:\n  - qemu-guest-agent\n  - net-tools\n  - curl\n  - containerd\n  - curl\n  - apt-transport-https\n  - ca-certificates\n  - gnupg\n  - lsb-release\nruncmd:\n  - systemctl enable qemu-guest-agent\n  - systemctl start qemu-guest-agent\n  - echo \"done\" \u003e /tmp/cloud-config.done\n",
                "file_name": "user-data-cloud-config.yaml",
                "resize": 0
              }
            ],
            "timeout_upload": 1800
          },
          "sensitive_attributes": [
            [
              {
                "type": "get_attr",
                "value": "source_raw"
              },
              {
                "type": "index",
                "value": {
                  "value": 0,
                  "type": "number"
                }
              },
              {
                "type": "get_attr",
                "value": "data"
              }
            ]
          ],
          "identity_schema_version": 0,
          "private": "bnVsbA==",
          "dependencies": [
            "random_password.ubuntu_vm_password",
            "tls_private_key.ubuntu_vm_key"
          ]
        }
      ]
    },
    {
      "mode": "managed",
      "type": "proxmox_virtual_environment_vm",
      "name": "k8s-cluster",
      "provider": "provider[\"registry.terraform.io/bpg/proxmox\"]",
      "instances": [
        {
          "index_key": "k8s-master-1",
          "schema_version": 0,
          "attributes": {
            "acpi": true,
            "agent": [
              {
                "enabled": true,
                "timeout": "15m",
                "trim": false,
                "type": "virtio"
              }
            ],
            "amd_sev": [],
            "audio_device": [],
            "bios": "seabios",
            "boot_order": null,
            "cdrom": [],
            "clone": [
              {
                "datastore_id": "local",
                "full": true,
                "node_name": "proxmoxhp1",
                "retries": 1,
                "vm_id": 9000
              }
            ],
            "cpu": [
              {
                "affinity": "",
                "architecture": "",
                "cores": 2,
                "flags": null,
                "hotplugged": 0,
                "limit": 0,
                "numa": false,
                "sockets": 1,
                "type": "qemu64",
                "units": 1024
              }
            ],
            "description": null,
            "disk": [
              {
                "aio": "io_uring",
                "backup": true,
                "cache": "none",
                "datastore_id": "local",
                "discard": "ignore",
                "file_format": "raw",
                "file_id": "",
                "interface": "scsi0",
                "iothread": false,
                "path_in_datastore": "301/vm-301-disk-0.raw",
                "replicate": true,
                "serial": "",
                "size": 3,
                "speed": [],
                "ssd": false
              }
            ],
            "efi_disk": [],
            "hook_script_file_id": null,
            "hostpci": [],
            "id": "301",
            "initialization": [
              {
                "datastore_id": "local",
                "dns": [],
                "interface": "ide2",
                "ip_config": [
                  {
                    "ipv4": [
                      {
                        "address": "10.205.30.2/29",
                        "gateway": "10.205.30.0"
                      }
                    ],
                    "ipv6": []
                  }
                ],
                "meta_data_file_id": "",
                "network_data_file_id": "",
                "type": "",
                "user_account": [],
                "user_data_file_id": "local:snippets/user-data-cloud-config.yaml",
                "vendor_data_file_id": ""
              }
            ],
            "ipv4_addresses": [
              [
                "127.0.0.1"
              ],
              [
                "10.205.30.2"
              ]
            ],
            "ipv6_addresses": [
              [
                "::1"
              ],
              [
                "2a01:e0a:344:4ca0:be24:11ff:fe77:5765",
                "fe80::be24:11ff:fe77:5765"
              ]
            ],
            "keyboard_layout": "en-us",
            "kvm_arguments": null,
            "mac_addresses": [
              "00:00:00:00:00:00",
              "BC:24:11:77:57:65"
            ],
            "machine": null,
            "memory": [
              {
                "dedicated": 2048,
                "floating": 0,
                "hugepages": "",
                "keep_hugepages": false,
                "shared": 0
              }
            ],
            "migrate": false,
            "name": "k8s-master",
            "network_device": [
              {
                "bridge": "vmbr0",
                "disconnected": false,
                "enabled": true,
                "firewall": false,
                "mac_address": "BC:24:11:77:57:65",
                "model": "virtio",
                "mtu": 0,
                "queues": 0,
                "rate_limit": 0,
                "trunks": "",
                "vlan_id": 0
              }
            ],
            "network_interface_names": [
              "lo",
              "eth0"
            ],
            "node_name": "proxmoxhp1",
            "numa": [],
            "on_boot": true,
            "operating_system": [],
            "pool_id": null,
            "protection": false,
            "reboot": false,
            "reboot_after_update": true,
            "rng": [],
            "scsi_hardware": "virtio-scsi-pci",
            "serial_device": [],
            "smbios": [],
            "started": true,
            "startup": [],
            "stop_on_destroy": false,
            "tablet_device": true,
            "tags": [
              "k8s",
              "terraform",
              "ubuntu"
            ],
            "template": false,
            "timeout_clone": 1800,
            "timeout_create": 1800,
            "timeout_migrate": 1800,
            "timeout_move_disk": 1800,
            "timeout_reboot": 1800,
            "timeout_shutdown_vm": 1800,
            "timeout_start_vm": 1800,
            "timeout_stop_vm": 300,
            "tpm_state": [],
            "usb": [],
            "vga": [
              {
                "clipboard": "",
                "memory": 16,
                "type": "serial0"
              }
            ],
            "virtiofs": [],
            "vm_id": 301,
            "watchdog": []
          },
          "sensitive_attributes": [],
          "identity_schema_version": 0,
          "private": "bnVsbA==",
          "dependencies": [
            "proxmox_virtual_environment_file.user_data_cloud_config",
            "random_password.ubuntu_vm_password",
            "tls_private_key.ubuntu_vm_key"
          ]
        },
        {
          "index_key": "k8s-worker-1",
          "schema_version": 0,
          "attributes": {
            "acpi": true,
            "agent": [
              {
                "enabled": true,
                "timeout": "15m",
                "trim": false,
                "type": "virtio"
              }
            ],
            "amd_sev": [],
            "audio_device": [],
            "bios": "seabios",
            "boot_order": null,
            "cdrom": [],
            "clone": [
              {
                "datastore_id": "local",
                "full": true,
                "node_name": "proxmoxhp1",
                "retries": 1,
                "vm_id": 9000
              }
            ],
            "cpu": [
              {
                "affinity": "",
                "architecture": "",
                "cores": 1,
                "flags": null,
                "hotplugged": 0,
                "limit": 0,
                "numa": false,
                "sockets": 1,
                "type": "qemu64",
                "units": 1024
              }
            ],
            "description": null,
            "disk": [
              {
                "aio": "io_uring",
                "backup": true,
                "cache": "none",
                "datastore_id": "local",
                "discard": "ignore",
                "file_format": "raw",
                "file_id": "",
                "interface": "scsi0",
                "iothread": false,
                "path_in_datastore": "302/vm-302-disk-0.raw",
                "replicate": true,
                "serial": "",
                "size": 3,
                "speed": [],
                "ssd": false
              }
            ],
            "efi_disk": [],
            "hook_script_file_id": null,
            "hostpci": [],
            "id": "302",
            "initialization": [
              {
                "datastore_id": "local",
                "dns": [],
                "interface": "ide2",
                "ip_config": [
                  {
                    "ipv4": [
                      {
                        "address": "10.205.30.3/29",
                        "gateway": "10.205.30.0"
                      }
                    ],
                    "ipv6": []
                  }
                ],
                "meta_data_file_id": "",
                "network_data_file_id": "",
                "type": "",
                "user_account": [],
                "user_data_file_id": "local:snippets/user-data-cloud-config.yaml",
                "vendor_data_file_id": ""
              }
            ],
            "ipv4_addresses": [
              [
                "127.0.0.1"
              ],
              [
                "10.205.30.3"
              ]
            ],
            "ipv6_addresses": [
              [
                "::1"
              ],
              [
                "2a01:e0a:344:4ca0:be24:11ff:fe35:cf91",
                "fe80::be24:11ff:fe35:cf91"
              ]
            ],
            "keyboard_layout": "en-us",
            "kvm_arguments": null,
            "mac_addresses": [
              "00:00:00:00:00:00",
              "BC:24:11:35:CF:91"
            ],
            "machine": null,
            "memory": [
              {
                "dedicated": 1024,
                "floating": 0,
                "hugepages": "",
                "keep_hugepages": false,
                "shared": 0
              }
            ],
            "migrate": false,
            "name": "k8s-worker",
            "network_device": [
              {
                "bridge": "vmbr0",
                "disconnected": false,
                "enabled": true,
                "firewall": false,
                "mac_address": "BC:24:11:35:CF:91",
                "model": "virtio",
                "mtu": 0,
                "queues": 0,
                "rate_limit": 0,
                "trunks": "",
                "vlan_id": 0
              }
            ],
            "network_interface_names": [
              "lo",
              "eth0"
            ],
            "node_name": "proxmoxhp1",
            "numa": [],
            "on_boot": true,
            "operating_system": [],
            "pool_id": null,
            "protection": false,
            "reboot": false,
            "reboot_after_update": true,
            "rng": [],
            "scsi_hardware": "virtio-scsi-pci",
            "serial_device": [],
            "smbios": [],
            "started": true,
            "startup": [],
            "stop_on_destroy": false,
            "tablet_device": true,
            "tags": [
              "k8s",
              "terraform",
              "ubuntu"
            ],
            "template": false,
            "timeout_clone": 1800,
            "timeout_create": 1800,
            "timeout_migrate": 1800,
            "timeout_move_disk": 1800,
            "timeout_reboot": 1800,
            "timeout_shutdown_vm": 1800,
            "timeout_start_vm": 1800,
            "timeout_stop_vm": 300,
            "tpm_state": [],
            "usb": [],
            "vga": [
              {
                "clipboard": "",
                "memory": 16,
                "type": "serial0"
              }
            ],
            "virtiofs": [],
            "vm_id": 302,
            "watchdog": []
          },
          "sensitive_attributes": [],
          "identity_schema_version": 0,
          "private": "bnVsbA==",
          "dependencies": [
            "proxmox_virtual_environment_file.user_data_cloud_config",
            "random_password.ubuntu_vm_password",
            "tls_private_key.ubuntu_vm_key"
          ]
        }
      ]
    },
    {
      "mode": "managed",
      "type": "random_password",
      "name": "ubuntu_vm_password",
      "provider": "provider[\"registry.terraform.io/hashicorp/random\"]",
      "instances": [
        {
          "schema_version": 3,
          "attributes": {
            "bcrypt_hash": "$2a$10$kY8bHVRnfqnuvjcZf.GWeuDgF6JYtjInnU25wtpfoTS22uj9sgFT2",
            "id": "none",
            "keepers": null,
            "length": 16,
            "lower": true,
            "min_lower": 0,
            "min_numeric": 0,
            "min_special": 0,
            "min_upper": 0,
            "number": true,
            "numeric": true,
            "override_special": "_%@",
            "result": "_RcrLYA6IB67t893",
            "special": true,
            "upper": true
          },
          "sensitive_attributes": [
            [
              {
                "type": "get_attr",
                "value": "bcrypt_hash"
              }
            ],
            [
              {
                "type": "get_attr",
                "value": "result"
              }
            ]
          ],
          "identity_schema_version": 0
        }
      ]
    },
    {
      "mode": "managed",
      "type": "tls_private_key",
      "name": "ubuntu_vm_key",
      "provider": "provider[\"registry.terraform.io/hashicorp/tls\"]",
      "instances": [
        {
          "schema_version": 1,
          "attributes": {
            "algorithm": "RSA",
            "ecdsa_curve": "P224",
            "id": "e330d0be0b306f115f0230c26d32b744588c8a1d",
            "private_key_openssh": "-----BEGIN OPENSSH PRIVATE KEY-----\nb3BlbnNzaC1rZXktdjEAAAAABG5vbmUAAAAEbm9uZQAAAAAAAAABAAABFwAAAAdz\nc2gtcnNhAAAAAwEAAQAAAQEAqiAveVEZdtIKVs6+YvWiJoFnR8yzbaIRV49Iv1FB\nwkdopjAkoHA2bpm/+AFm0y/EgPqHh7EHWna7z4AeMRxg0KvI1WOWSX6C2lUcbcHj\nB3SAJsV0DQYsEWQ2wnO7xP+/s7GWojLKpRQ3ebDVge0DQt69kPhYEMe2J0eKL5yx\nKpSl1lQcGj1TfyB04fHLtWoI85b/lZW0gLWCW96CZDMdhizTECdCuMzndEa4f+im\ni2DOG0jNpxkyHfA0lCnBi0tAUi3MII0wFYatx/jUj8vbqhRi1PVjydtP9egWDbur\n1dOJLKZ1yLQwe9u82Qr38yZcXF6tES2MWB2ZeTUoAC81sQAAA7jsRbVH7EW1RwAA\nAAdzc2gtcnNhAAABAQCqIC95URl20gpWzr5i9aImgWdHzLNtohFXj0i/UUHCR2im\nMCSgcDZumb/4AWbTL8SA+oeHsQdadrvPgB4xHGDQq8jVY5ZJfoLaVRxtweMHdIAm\nxXQNBiwRZDbCc7vE/7+zsZaiMsqlFDd5sNWB7QNC3r2Q+FgQx7YnR4ovnLEqlKXW\nVBwaPVN/IHTh8cu1agjzlv+VlbSAtYJb3oJkMx2GLNMQJ0K4zOd0Rrh/6KaLYM4b\nSM2nGTId8DSUKcGLS0BSLcwgjTAVhq3H+NSPy9uqFGLU9WPJ20/16BYNu6vV04ks\npnXItDB727zZCvfzJlxcXq0RLYxYHZl5NSgALzWxAAAAAwEAAQAAAQA+WQFNAq3E\nYAGuAqK/fanpVq9VHu37FdQpNLfCdbMV0jnF/grOSZGJQwuZhln6t5zab/ZPgk9h\nlfYKe7eU5AOPNgWqPo8LbDPkdCCxEMd1Kfr1OpPnWgW4cfOnm+aKsfe9kS3VT6v4\nh8o07Nuye/wf+6WZhYowzCAzkQJRpKlBIxO1CSQ86CsVnWBUC25vidkd+XhrzZ3c\nRFm5zuB+KKWJV+eLsDvZtNOfZxLdIWJQg+HN9N+BjTcV2P9tX+ZAsQHT5z506T0u\nRntJd7h3/YnygNKeFZaWj4n9T0H5A+9+SYbP70nOWGam/xCYDnUqzgqe33tDtUn2\nah8uXBNgysYpAAAAgQCUrT3kICES3gB30OBtxa9BK/xxTi6sWGm41ZY/Shk2B+ZP\n8pVtty2P2Oc0zHwFA5dys4QGb6jpbgN342k5JuP52wQkASsVqA7yuj3I89qmJZD0\nN6BzrnAeYkFXbSjOxaXIi6WbQV1ZnC7Y2jOsm+x3s6O9ICJVRgrWy9cj9sE2OgAA\nAIEAwpkVsHZiLBBqe/+Fa/5O5iiqk4nzpukb287VC7JXytVMSkjG3FaAhFfocE2w\ntlZf5k50S/qU0gHZxWfLT9hTL+d+DC+G5ECB4oSO3Yld1tze64TbbQLQz6gqfew8\nI/GXgOleXbZQXvySnz5I0JVckyH8tNPE++yX3Tc2iafBQJMAAACBAN/OUhUynS9C\nHCsM49o8rW4Ld1fNPJuAxF7hXKl7onOa4jAEidMPeSklgYm+rQTizUAIyd/6MJdq\nufekmx4FsC0vehGgvyjFLvxWHqw5wwhySDwVaZ6mZx6DEDTlTIjI1LIEwbvK/vSS\nFyxoexyAm55pv63kw9k4zrrzyggMhE8rAAAAAAEC\n-----END OPENSSH PRIVATE KEY-----\n",
            "private_key_pem": "-----BEGIN RSA PRIVATE KEY-----\nMIIEpAIBAAKCAQEAqiAveVEZdtIKVs6+YvWiJoFnR8yzbaIRV49Iv1FBwkdopjAk\noHA2bpm/+AFm0y/EgPqHh7EHWna7z4AeMRxg0KvI1WOWSX6C2lUcbcHjB3SAJsV0\nDQYsEWQ2wnO7xP+/s7GWojLKpRQ3ebDVge0DQt69kPhYEMe2J0eKL5yxKpSl1lQc\nGj1TfyB04fHLtWoI85b/lZW0gLWCW96CZDMdhizTECdCuMzndEa4f+imi2DOG0jN\npxkyHfA0lCnBi0tAUi3MII0wFYatx/jUj8vbqhRi1PVjydtP9egWDbur1dOJLKZ1\nyLQwe9u82Qr38yZcXF6tES2MWB2ZeTUoAC81sQIDAQABAoIBAD5ZAU0CrcRgAa4C\nor99qelWr1Ue7fsV1Ck0t8J1sxXSOcX+Cs5JkYlDC5mGWfq3nNpv9k+CT2GV9gp7\nt5TkA482Bao+jwtsM+R0ILEQx3Up+vU6k+daBbhx86eb5oqx972RLdVPq/iHyjTs\n27J7/B/7pZmFijDMIDORAlGkqUEjE7UJJDzoKxWdYFQLbm+J2R35eGvNndxEWbnO\n4H4opYlX54uwO9m0059nEt0hYlCD4c3034GNNxXY/21f5kCxAdPnPnTpPS5Ge0l3\nuHf9ifKA0p4VlpaPif1PQfkD735Jhs/vSc5YZqb/EJgOdSrOCp7fe0O1SfZqHy5c\nE2DKxikCgYEAwpkVsHZiLBBqe/+Fa/5O5iiqk4nzpukb287VC7JXytVMSkjG3FaA\nhFfocE2wtlZf5k50S/qU0gHZxWfLT9hTL+d+DC+G5ECB4oSO3Yld1tze64TbbQLQ\nz6gqfew8I/GXgOleXbZQXvySnz5I0JVckyH8tNPE++yX3Tc2iafBQJMCgYEA385S\nFTKdL0IcKwzj2jytbgt3V808m4DEXuFcqXuic5riMASJ0w95KSWBib6tBOLNQAjJ\n3/owl2q596SbHgWwLS96EaC/KMUu/FYerDnDCHJIPBVpnqZnHoMQNOVMiMjUsgTB\nu8r+9JIXLGh7HICbnmm/reTD2TjOuvPKCAyETysCgYEAglrD4bJbrwLMIgYX3TC8\nr4bcRPrrIYsT41mY8z3je3cIpNY9iAnWC1FL3jbcwjf4A7HYS7EvEcK1m3wdAH57\nsyJSGF2Z8bqYhyGfBh3no2/PUFtuFYcGU6Rl2nZuDvHeODebxBDFo+tzWIMDid4T\n5mek/YjCcrOZQ1GiEfIzDUsCgYBVtyNg0v24d81p/4nUr6CMoP+YNRadR/ftjsp6\nbsuNEyjF0zcmCqsQwziVlN2XHXYWrEcE7UFm/I0092ohWXRcGe7aiYItDzgrlKAy\nvfygY4Se3mSRSpH78Z5nY9qoGKK9e2zni5uR99HARFPCWs8/IKk05ITN0R/8Ihqi\ncojJ+QKBgQCUrT3kICES3gB30OBtxa9BK/xxTi6sWGm41ZY/Shk2B+ZP8pVtty2P\n2Oc0zHwFA5dys4QGb6jpbgN342k5JuP52wQkASsVqA7yuj3I89qmJZD0N6BzrnAe\nYkFXbSjOxaXIi6WbQV1ZnC7Y2jOsm+x3s6O9ICJVRgrWy9cj9sE2Og==\n-----END RSA PRIVATE KEY-----\n",
            "private_key_pem_pkcs8": "-----BEGIN PRIVATE KEY-----\nMIIEvgIBADANBgkqhkiG9w0BAQEFAASCBKgwggSkAgEAAoIBAQCqIC95URl20gpW\nzr5i9aImgWdHzLNtohFXj0i/UUHCR2imMCSgcDZumb/4AWbTL8SA+oeHsQdadrvP\ngB4xHGDQq8jVY5ZJfoLaVRxtweMHdIAmxXQNBiwRZDbCc7vE/7+zsZaiMsqlFDd5\nsNWB7QNC3r2Q+FgQx7YnR4ovnLEqlKXWVBwaPVN/IHTh8cu1agjzlv+VlbSAtYJb\n3oJkMx2GLNMQJ0K4zOd0Rrh/6KaLYM4bSM2nGTId8DSUKcGLS0BSLcwgjTAVhq3H\n+NSPy9uqFGLU9WPJ20/16BYNu6vV04kspnXItDB727zZCvfzJlxcXq0RLYxYHZl5\nNSgALzWxAgMBAAECggEAPlkBTQKtxGABrgKiv32p6VavVR7t+xXUKTS3wnWzFdI5\nxf4KzkmRiUMLmYZZ+rec2m/2T4JPYZX2Cnu3lOQDjzYFqj6PC2wz5HQgsRDHdSn6\n9TqT51oFuHHzp5vmirH3vZEt1U+r+IfKNOzbsnv8H/ulmYWKMMwgM5ECUaSpQSMT\ntQkkPOgrFZ1gVAtub4nZHfl4a82d3ERZuc7gfiiliVfni7A72bTTn2cS3SFiUIPh\nzfTfgY03Fdj/bV/mQLEB0+c+dOk9LkZ7SXe4d/2J8oDSnhWWlo+J/U9B+QPvfkmG\nz+9Jzlhmpv8QmA51Ks4Knt97Q7VJ9mofLlwTYMrGKQKBgQDCmRWwdmIsEGp7/4Vr\n/k7mKKqTifOm6RvbztULslfK1UxKSMbcVoCEV+hwTbC2Vl/mTnRL+pTSAdnFZ8tP\n2FMv534ML4bkQIHihI7diV3W3N7rhNttAtDPqCp97Dwj8ZeA6V5dtlBe/JKfPkjQ\nlVyTIfy008T77JfdNzaJp8FAkwKBgQDfzlIVMp0vQhwrDOPaPK1uC3dXzTybgMRe\n4Vype6JzmuIwBInTD3kpJYGJvq0E4s1ACMnf+jCXarn3pJseBbAtL3oRoL8oxS78\nVh6sOcMIckg8FWmepmcegxA05UyIyNSyBMG7yv70khcsaHscgJueab+t5MPZOM66\n88oIDIRPKwKBgQCCWsPhsluvAswiBhfdMLyvhtxE+ushixPjWZjzPeN7dwik1j2I\nCdYLUUveNtzCN/gDsdhLsS8RwrWbfB0AfnuzIlIYXZnxupiHIZ8GHeejb89QW24V\nhwZTpGXadm4O8d44N5vEEMWj63NYgwOJ3hPmZ6T9iMJys5lDUaIR8jMNSwKBgFW3\nI2DS/bh3zWn/idSvoIyg/5g1Fp1H9+2Oynpuy40TKMXTNyYKqxDDOJWU3Zcddhas\nRwTtQWb8jTT3aiFZdFwZ7tqJgi0POCuUoDK9/KBjhJ7eZJFKkfvxnmdj2qgYor17\nbOeLm5H30cBEU8Jazz8gqTTkhM3RH/wiGqJyiMn5AoGBAJStPeQgIRLeAHfQ4G3F\nr0Er/HFOLqxYabjVlj9KGTYH5k/ylW23LY/Y5zTMfAUDl3KzhAZvqOluA3fjaTkm\n4/nbBCQBKxWoDvK6Pcjz2qYlkPQ3oHOucB5iQVdtKM7FpciLpZtBXVmcLtjaM6yb\n7Hezo70gIlVGCtbL1yP2wTY6\n-----END PRIVATE KEY-----\n",
            "public_key_fingerprint_md5": "01:63:ff:71:a4:53:ed:85:6e:18:3d:ab:fa:a9:7b:76",
            "public_key_fingerprint_sha256": "SHA256:F3rlLd6X8mtZZUCoMI7Jfi9Rg6NOwvVLsuP/kg+SW8M",
            "public_key_openssh": "ssh-rsa AAAAB3NzaC1yc2EAAAADAQABAAABAQCqIC95URl20gpWzr5i9aImgWdHzLNtohFXj0i/UUHCR2imMCSgcDZumb/4AWbTL8SA+oeHsQdadrvPgB4xHGDQq8jVY5ZJfoLaVRxtweMHdIAmxXQNBiwRZDbCc7vE/7+zsZaiMsqlFDd5sNWB7QNC3r2Q+FgQx7YnR4ovnLEqlKXWVBwaPVN/IHTh8cu1agjzlv+VlbSAtYJb3oJkMx2GLNMQJ0K4zOd0Rrh/6KaLYM4bSM2nGTId8DSUKcGLS0BSLcwgjTAVhq3H+NSPy9uqFGLU9WPJ20/16BYNu6vV04kspnXItDB727zZCvfzJlxcXq0RLYxYHZl5NSgALzWx\n",
            "public_key_pem": "-----BEGIN PUBLIC KEY-----\nMIIBIjANBgkqhkiG9w0BAQEFAAOCAQ8AMIIBCgKCAQEAqiAveVEZdtIKVs6+YvWi\nJoFnR8yzbaIRV49Iv1FBwkdopjAkoHA2bpm/+AFm0y/EgPqHh7EHWna7z4AeMRxg\n0KvI1WOWSX6C2lUcbcHjB3SAJsV0DQYsEWQ2wnO7xP+/s7GWojLKpRQ3ebDVge0D\nQt69kPhYEMe2J0eKL5yxKpSl1lQcGj1TfyB04fHLtWoI85b/lZW0gLWCW96CZDMd\nhizTECdCuMzndEa4f+imi2DOG0jNpxkyHfA0lCnBi0tAUi3MII0wFYatx/jUj8vb\nqhRi1PVjydtP9egWDbur1dOJLKZ1yLQwe9u82Qr38yZcXF6tES2MWB2ZeTUoAC81\nsQIDAQAB\n-----END PUBLIC KEY-----\n",
            "rsa_bits": 2048
          },
          "sensitive_attributes": [
            [
              {
                "type": "get_attr",
                "value": "private_key_openssh"
              }
            ],
            [
              {
                "type": "get_attr",
                "value": "private_key_pem"
              }
            ],
            [
              {
                "type": "get_attr",
                "value": "private_key_pem_pkcs8"
              }
            ]
          ],
          "identity_schema_version": 0
        }
      ]
    }
  ],
  "check_results": null
}
